
Microsoft Visual Studio Solution File, Format Version 12.00
# Visual Studio Version 17
VisualStudioVersion = 17.10.34928.147
MinimumVisualStudioVersion = 10.0.40219.1
Project("{FAE04EC0-301F-11D3-BF4B-00C04F79EFBC}") = "TreeViewMaui", "TreeViewMaui\TreeViewMaui.csproj", "{1D0D13BF-6795-4968-94DF-36D9ECE21112}"
EndProject
Global
	GlobalSection(SolutionConfigurationPlatforms) = preSolution
		Debug|Any CPU = Debug|Any CPU
		Release|Any CPU = Release|Any CPU
	EndGlobalSection
	GlobalSection(ProjectConfigurationPlatforms) = postSolution
		{1D0D13BF-6795-4968-94DF-36D9ECE21112}.Debug|Any CPU.ActiveCfg = Debug|Any CPU
		{1D0D13BF-6795-4968-94DF-36D9ECE21112}.Debug|Any CPU.Build.0 = Debug|Any CPU
		{1D0D13BF-6795-4968-94DF-36D9ECE21112}.Debug|Any CPU.Deploy.0 = Debug|Any CPU
		{1D0D13BF-6795-4968-94DF-36D9ECE21112}.Release|Any CPU.ActiveCfg = Release|Any CPU
		{1D0D13BF-6795-4968-94DF-36D9ECE21112}.Release|Any CPU.Build.0 = Release|Any CPU
		{1D0D13BF-6795-4968-94DF-36D9ECE21112}.Release|Any CPU.Deploy.0 = Release|Any CPU
	EndGlobalSection
	GlobalSection(SolutionProperties) = preSolution
		HideSolutionNode = FALSE
	EndGlobalSection
	GlobalSection(ExtensibilityGlobals) = postSolution
		SolutionGuid = {A11E4852-3A04-4D1D-BF47-2686B65F9566}
	EndGlobalSection
EndGlobal
